// !$*UTF8*$!
{
	archiveVersion = 1;
	classes = {
	};
	objectVersion = 55;
	objects = {

/* Begin PBXBuildFile section */
		495775792BD5BF5E00755E8A /* as9.c in Sources */ = {isa = PBXBuildFile; fileRef = 495775592BD5BE4400755E8A /* as9.c */; };
		49750B152BE412BA00B7C3CF /* MC6809.cpp in Sources */ = {isa = PBXBuildFile; fileRef = 49750B142BE410C600B7C3CF /* MC6809.cpp */; };
		49750B1F2BE6E40600B7C3CF /* string.cpp in Sources */ = {isa = PBXBuildFile; fileRef = 49750B1C2BE6E3FE00B7C3CF /* string.cpp */; };
		49750B242BE6ECBE00B7C3CF /* BOSS9.cpp in Sources */ = {isa = PBXBuildFile; fileRef = 49750B182BE6D43900B7C3CF /* BOSS9.cpp */; };
		49DE542E2BF58EC200191E37 /* AppDelegate.m in Sources */ = {isa = PBXBuildFile; fileRef = 49DE542D2BF58EC200191E37 /* AppDelegate.m */; };
		49DE54302BF58EC400191E37 /* Assets.xcassets in Resources */ = {isa = PBXBuildFile; fileRef = 49DE542F2BF58EC400191E37 /* Assets.xcassets */; };
		49DE54332BF58EC400191E37 /* MainMenu.xib in Resources */ = {isa = PBXBuildFile; fileRef = 49DE54312BF58EC400191E37 /* MainMenu.xib */; };
		49DE54352BF58EC400191E37 /* main.mm in Sources */ = {isa = PBXBuildFile; fileRef = 49DE54342BF58EC400191E37 /* main.mm */; };
		49DE543B2BF68C0100191E37 /* string.cpp in Sources */ = {isa = PBXBuildFile; fileRef = 49750B1C2BE6E3FE00B7C3CF /* string.cpp */; };
		49DE543C2BF68C0500191E37 /* BOSS9.cpp in Sources */ = {isa = PBXBuildFile; fileRef = 49750B182BE6D43900B7C3CF /* BOSS9.cpp */; };
		49DE543D2BF68C0900191E37 /* srec.cpp in Sources */ = {isa = PBXBuildFile; fileRef = 49EA279E2BE52FE400620B26 /* srec.cpp */; };
		49DE543E2BF68C1B00191E37 /* MC6809.cpp in Sources */ = {isa = PBXBuildFile; fileRef = 49750B142BE410C600B7C3CF /* MC6809.cpp */; };
		49DE543F2BF6B52F00191E37 /* main.cpp in Sources */ = {isa = PBXBuildFile; fileRef = 49E11A982BD84324004BC747 /* main.cpp */; };
		49DE54462BF6B6B000191E37 /* forth9.s19 in Resources */ = {isa = PBXBuildFile; fileRef = 49DE54402BF6B6B000191E37 /* forth9.s19 */; };
		49DE54472BF6B6B000191E37 /* HelloWorld.s19 in Resources */ = {isa = PBXBuildFile; fileRef = 49DE54412BF6B6B000191E37 /* HelloWorld.s19 */; };
		49DE54482BF6B6B000191E37 /* simple.s19 in Resources */ = {isa = PBXBuildFile; fileRef = 49DE54422BF6B6B000191E37 /* simple.s19 */; };
		49DE54492BF6B6B000191E37 /* asmtest.s19 in Resources */ = {isa = PBXBuildFile; fileRef = 49DE54432BF6B6B000191E37 /* asmtest.s19 */; };
		49DE544A2BF6B6B000191E37 /* test09.s19 in Resources */ = {isa = PBXBuildFile; fileRef = 49DE54442BF6B6B000191E37 /* test09.s19 */; };
		49DE544B2BF6B6B000191E37 /* assist09.s19 in Resources */ = {isa = PBXBuildFile; fileRef = 49DE54452BF6B6B000191E37 /* assist09.s19 */; };
		49EA27A02BE52FE400620B26 /* srec.cpp in Sources */ = {isa = PBXBuildFile; fileRef = 49EA279E2BE52FE400620B26 /* srec.cpp */; };
		49EA27AE2BF2F00400620B26 /* Cocoa.framework in Frameworks */ = {isa = PBXBuildFile; fileRef = 49EA27AD2BF2F00400620B26 /* Cocoa.framework */; };
/* End PBXBuildFile section */

/* Begin PBXCopyFilesBuildPhase section */
		495775642BD5BEFF00755E8A /* CopyFiles */ = {
			isa = PBXCopyFilesBuildPhase;
			buildActionMask = 2147483647;
			dstPath = /usr/share/man/man1/;
			dstSubfolderSpec = 0;
			files = (
			);
			runOnlyForDeploymentPostprocessing = 1;
		};
		4957756F2BD5BF1600755E8A /* CopyFiles */ = {
			isa = PBXCopyFilesBuildPhase;
			buildActionMask = 2147483647;
			dstPath = /usr/share/man/man1/;
			dstSubfolderSpec = 0;
			files = (
			);
			runOnlyForDeploymentPostprocessing = 1;
		};
		49750B0A2BE30D0600B7C3CF /* CopyFiles */ = {
			isa = PBXCopyFilesBuildPhase;
			buildActionMask = 2147483647;
			dstPath = /usr/share/man/man1/;
			dstSubfolderSpec = 0;
			files = (
			);
			runOnlyForDeploymentPostprocessing = 1;
		};
		49DE544C2BF6B98E00191E37 /* CopyFiles */ = {
			isa = PBXCopyFilesBuildPhase;
			buildActionMask = 2147483647;
			dstPath = "";
			dstSubfolderSpec = 7;
			files = (
			);
			runOnlyForDeploymentPostprocessing = 0;
		};
/* End PBXCopyFilesBuildPhase section */

/* Begin PBXFileReference section */
		49065CFD2BD5D3E400E27819 /* assist09.asm */ = {isa = PBXFileReference; lastKnownFileType = sourcecode.asm.asm; name = assist09.asm; path = ../test/assist09.asm; sourceTree = "<group>"; };
		49065CFE2BD5D3E400E27819 /* forth9.asm */ = {isa = PBXFileReference; lastKnownFileType = sourcecode.asm.asm; name = forth9.asm; path = ../test/forth9.asm; sourceTree = "<group>"; };
		49065CFF2BD5DADA00E27819 /* HelloWorld.asm */ = {isa = PBXFileReference; lastKnownFileType = sourcecode.asm.asm; name = HelloWorld.asm; path = ../test/HelloWorld.asm; sourceTree = "<group>"; };
		49065D012BD6C70400E27819 /* MC6809.h */ = {isa = PBXFileReference; lastKnownFileType = sourcecode.c.h; name = MC6809.h; path = ../emulator/MC6809.h; sourceTree = "<group>"; };
		490F10FB2BE99A7C00AC1440 /* test09.lst */ = {isa = PBXFileReference; lastKnownFileType = text; name = test09.lst; path = ../test/test09.lst; sourceTree = "<group>"; };
		495775542BD5BE4400755E8A /* as9n.c */ = {isa = PBXFileReference; lastKnownFileType = sourcecode.c.c; name = as9n.c; path = ../as9/as9n.c; sourceTree = "<group>"; };
		495775552BD5BE4400755E8A /* output.c */ = {isa = PBXFileReference; lastKnownFileType = sourcecode.c.c; name = output.c; path = ../as9/output.c; sourceTree = "<group>"; };
		495775562BD5BE4400755E8A /* pseudo.c */ = {isa = PBXFileReference; lastKnownFileType = sourcecode.c.c; name = pseudo.c; path = ../as9/pseudo.c; sourceTree = "<group>"; };
		495775572BD5BE4400755E8A /* do9.c */ = {isa = PBXFileReference; lastKnownFileType = sourcecode.c.c; name = do9.c; path = ../as9/do9.c; sourceTree = "<group>"; };
		495775582BD5BE4400755E8A /* eval.c */ = {isa = PBXFileReference; lastKnownFileType = sourcecode.c.c; name = eval.c; path = ../as9/eval.c; sourceTree = "<group>"; };
		495775592BD5BE4400755E8A /* as9.c */ = {isa = PBXFileReference; lastKnownFileType = sourcecode.c.c; name = as9.c; path = ../as9/as9.c; sourceTree = "<group>"; };
		4957755A2BD5BE4400755E8A /* symtab.c */ = {isa = PBXFileReference; lastKnownFileType = sourcecode.c.c; name = symtab.c; path = ../as9/symtab.c; sourceTree = "<group>"; };
		4957755B2BD5BE4400755E8A /* Makefile */ = {isa = PBXFileReference; lastKnownFileType = sourcecode.make; name = Makefile; path = ../as9/Makefile; sourceTree = "<group>"; };
		4957755C2BD5BE4400755E8A /* util.c */ = {isa = PBXFileReference; lastKnownFileType = sourcecode.c.c; name = util.c; path = ../as9/util.c; sourceTree = "<group>"; };
		4957755D2BD5BE4400755E8A /* as9_changes.txt */ = {isa = PBXFileReference; lastKnownFileType = text; name = as9_changes.txt; path = ../as9/as9_changes.txt; sourceTree = "<group>"; };
		4957755E2BD5BE4400755E8A /* table9.h */ = {isa = PBXFileReference; lastKnownFileType = sourcecode.c.h; name = table9.h; path = ../as9/table9.h; sourceTree = "<group>"; };
		4957755F2BD5BE4400755E8A /* as.h */ = {isa = PBXFileReference; lastKnownFileType = sourcecode.c.h; name = as.h; path = ../as9/as.h; sourceTree = "<group>"; };
		495775602BD5BE4400755E8A /* as.c */ = {isa = PBXFileReference; lastKnownFileType = sourcecode.c.c; name = as.c; path = ../as9/as.c; sourceTree = "<group>"; };
		495775612BD5BE4400755E8A /* ffwd.c */ = {isa = PBXFileReference; lastKnownFileType = sourcecode.c.c; name = ffwd.c; path = ../as9/ffwd.c; sourceTree = "<group>"; };
		495775662BD5BEFF00755E8A /* as9 */ = {isa = PBXFileReference; explicitFileType = "compiled.mach-o.executable"; includeInIndex = 0; path = as9; sourceTree = BUILT_PRODUCTS_DIR; };
		495775712BD5BF1600755E8A /* emulator */ = {isa = PBXFileReference; explicitFileType = "compiled.mach-o.executable"; includeInIndex = 0; path = emulator; sourceTree = BUILT_PRODUCTS_DIR; };
		49750B0C2BE30D0600B7C3CF /* lwasm */ = {isa = PBXFileReference; explicitFileType = "compiled.mach-o.executable"; includeInIndex = 0; path = lwasm; sourceTree = BUILT_PRODUCTS_DIR; };
		49750B142BE410C600B7C3CF /* MC6809.cpp */ = {isa = PBXFileReference; lastKnownFileType = sourcecode.cpp.cpp; name = MC6809.cpp; path = ../emulator/MC6809.cpp; sourceTree = "<group>"; };
		49750B162BE419D400B7C3CF /* simple.asm */ = {isa = PBXFileReference; lastKnownFileType = sourcecode.asm.asm; name = simple.asm; path = ../test/simple.asm; sourceTree = "<group>"; };
		49750B182BE6D43900B7C3CF /* BOSS9.cpp */ = {isa = PBXFileReference; lastKnownFileType = sourcecode.cpp.cpp; name = BOSS9.cpp; path = ../emulator/BOSS9/BOSS9.cpp; sourceTree = "<group>"; };
		49750B192BE6D43900B7C3CF /* BOSS9.h */ = {isa = PBXFileReference; lastKnownFileType = sourcecode.c.h; name = BOSS9.h; path = ../emulator/BOSS9/BOSS9.h; sourceTree = "<group>"; };
		49750B1B2BE6DF7200B7C3CF /* BOSS9.inc */ = {isa = PBXFileReference; lastKnownFileType = sourcecode.pascal; name = BOSS9.inc; path = ../emulator/BOSS9/BOSS9.inc; sourceTree = "<group>"; };
		49750B1C2BE6E3FE00B7C3CF /* string.cpp */ = {isa = PBXFileReference; fileEncoding = 4; lastKnownFileType = sourcecode.cpp.cpp; name = string.cpp; path = ../emulator/BOSS9/string.cpp; sourceTree = "<group>"; };
		49750B1D2BE6E3FE00B7C3CF /* string.h */ = {isa = PBXFileReference; fileEncoding = 4; lastKnownFileType = sourcecode.c.h; name = string.h; path = ../emulator/BOSS9/string.h; sourceTree = "<group>"; };
		49750B202BE6E48000B7C3CF /* containers.h */ = {isa = PBXFileReference; fileEncoding = 4; lastKnownFileType = sourcecode.c.h; name = containers.h; path = ../emulator/BOSS9/containers.h; sourceTree = "<group>"; };
		49DE542A2BF58EC200191E37 /* Emu.app */ = {isa = PBXFileReference; explicitFileType = wrapper.application; includeInIndex = 0; path = Emu.app; sourceTree = BUILT_PRODUCTS_DIR; };
		49DE542D2BF58EC200191E37 /* AppDelegate.m */ = {isa = PBXFileReference; lastKnownFileType = sourcecode.c.objc; path = AppDelegate.m; sourceTree = "<group>"; };
		49DE542F2BF58EC400191E37 /* Assets.xcassets */ = {isa = PBXFileReference; lastKnownFileType = folder.assetcatalog; path = Assets.xcassets; sourceTree = "<group>"; };
		49DE54322BF58EC400191E37 /* Base */ = {isa = PBXFileReference; lastKnownFileType = file.xib; name = Base; path = Base.lproj/MainMenu.xib; sourceTree = "<group>"; };
		49DE54342BF58EC400191E37 /* main.mm */ = {isa = PBXFileReference; lastKnownFileType = sourcecode.cpp.objcpp; path = main.mm; sourceTree = "<group>"; };
		49DE54362BF58EC400191E37 /* Emu.entitlements */ = {isa = PBXFileReference; lastKnownFileType = text.plist.entitlements; path = Emu.entitlements; sourceTree = "<group>"; };
		49DE543A2BF58FF400191E37 /* AppDelegate.h */ = {isa = PBXFileReference; fileEncoding = 4; lastKnownFileType = sourcecode.c.h; path = AppDelegate.h; sourceTree = "<group>"; };
		49DE54402BF6B6B000191E37 /* forth9.s19 */ = {isa = PBXFileReference; fileEncoding = 4; lastKnownFileType = text; name = forth9.s19; path = ../test/forth9.s19; sourceTree = "<group>"; };
		49DE54412BF6B6B000191E37 /* HelloWorld.s19 */ = {isa = PBXFileReference; fileEncoding = 4; lastKnownFileType = text; name = HelloWorld.s19; path = ../test/HelloWorld.s19; sourceTree = "<group>"; };
		49DE54422BF6B6B000191E37 /* simple.s19 */ = {isa = PBXFileReference; fileEncoding = 4; lastKnownFileType = text; name = simple.s19; path = ../test/simple.s19; sourceTree = "<group>"; };
		49DE54432BF6B6B000191E37 /* asmtest.s19 */ = {isa = PBXFileReference; fileEncoding = 4; lastKnownFileType = text; name = asmtest.s19; path = ../test/asmtest.s19; sourceTree = "<group>"; };
		49DE54442BF6B6B000191E37 /* test09.s19 */ = {isa = PBXFileReference; fileEncoding = 4; lastKnownFileType = text; name = test09.s19; path = ../test/test09.s19; sourceTree = "<group>"; };
		49DE54452BF6B6B000191E37 /* assist09.s19 */ = {isa = PBXFileReference; fileEncoding = 4; lastKnownFileType = text; name = assist09.s19; path = ../test/assist09.s19; sourceTree = "<group>"; };
		49E11A982BD84324004BC747 /* main.cpp */ = {isa = PBXFileReference; lastKnownFileType = sourcecode.cpp.cpp; path = main.cpp; sourceTree = "<group>"; };
		49E11A9A2BE1CD8F004BC747 /* basic.asm */ = {isa = PBXFileReference; lastKnownFileType = sourcecode.asm.asm; name = basic.asm; path = ../test/basic.asm; sourceTree = "<group>"; };
		49E11A9B2BE1CD8F004BC747 /* asmtest.asm */ = {isa = PBXFileReference; lastKnownFileType = sourcecode.asm.asm; name = asmtest.asm; path = ../test/asmtest.asm; sourceTree = "<group>"; xcLanguageSpecificationIdentifier = xcode.lang.asm.i386; };
		49E11A9C2BE1CD8F004BC747 /* test09.asm */ = {isa = PBXFileReference; lastKnownFileType = sourcecode.asm.asm; name = test09.asm; path = ../test/test09.asm; sourceTree = "<group>"; };
		49EA279E2BE52FE400620B26 /* srec.cpp */ = {isa = PBXFileReference; fileEncoding = 4; lastKnownFileType = sourcecode.cpp.cpp; name = srec.cpp; path = ../emulator/srec.cpp; sourceTree = "<group>"; };
		49EA279F2BE52FE400620B26 /* srec.h */ = {isa = PBXFileReference; fileEncoding = 4; lastKnownFileType = sourcecode.c.h; name = srec.h; path = ../emulator/srec.h; sourceTree = "<group>"; };
		49EA27AD2BF2F00400620B26 /* Cocoa.framework */ = {isa = PBXFileReference; lastKnownFileType = wrapper.framework; name = Cocoa.framework; path = System/Library/Frameworks/Cocoa.framework; sourceTree = SDKROOT; };
/* End PBXFileReference section */

/* Begin PBXFrameworksBuildPhase section */
		490F110F2BF3D05500AC1440 /* Frameworks */ = {
			isa = PBXFrameworksBuildPhase;
			buildActionMask = 2147483647;
			files = (
			);
			runOnlyForDeploymentPostprocessing = 0;
		};
		495775632BD5BEFF00755E8A /* Frameworks */ = {
			isa = PBXFrameworksBuildPhase;
			buildActionMask = 2147483647;
			files = (
			);
			runOnlyForDeploymentPostprocessing = 0;
		};
		4957756E2BD5BF1600755E8A /* Frameworks */ = {
			isa = PBXFrameworksBuildPhase;
			buildActionMask = 2147483647;
			files = (
				49EA27AE2BF2F00400620B26 /* Cocoa.framework in Frameworks */,
			);
			runOnlyForDeploymentPostprocessing = 0;
		};
		49750B092BE30D0600B7C3CF /* Frameworks */ = {
			isa = PBXFrameworksBuildPhase;
			buildActionMask = 2147483647;
			files = (
			);
			runOnlyForDeploymentPostprocessing = 0;
		};
		49DE54272BF58EC200191E37 /* Frameworks */ = {
			isa = PBXFrameworksBuildPhase;
			buildActionMask = 2147483647;
			files = (
			);
			runOnlyForDeploymentPostprocessing = 0;
		};
/* End PBXFrameworksBuildPhase section */

/* Begin PBXGroup section */
		49065CFC2BD5D3C300E27819 /* test */ = {
			isa = PBXGroup;
			children = (
				49DE54432BF6B6B000191E37 /* asmtest.s19 */,
				49DE54452BF6B6B000191E37 /* assist09.s19 */,
				49DE54402BF6B6B000191E37 /* forth9.s19 */,
				49DE54412BF6B6B000191E37 /* HelloWorld.s19 */,
				49DE54422BF6B6B000191E37 /* simple.s19 */,
				49DE54442BF6B6B000191E37 /* test09.s19 */,
				49E11A9B2BE1CD8F004BC747 /* asmtest.asm */,
				49E11A9A2BE1CD8F004BC747 /* basic.asm */,
				49E11A9C2BE1CD8F004BC747 /* test09.asm */,
				490F10FB2BE99A7C00AC1440 /* test09.lst */,
				49065CFD2BD5D3E400E27819 /* assist09.asm */,
				49065CFE2BD5D3E400E27819 /* forth9.asm */,
				49065CFF2BD5DADA00E27819 /* HelloWorld.asm */,
				49750B162BE419D400B7C3CF /* simple.asm */,
			);
			name = test;
			sourceTree = "<group>";
		};
		4957753B2BD5BBC900755E8A = {
			isa = PBXGroup;
			children = (
				49065CFC2BD5D3C300E27819 /* test */,
				495775522BD5BE1A00755E8A /* as9 */,
				495775532BD5BE2500755E8A /* emulator */,
				49E11A972BD84304004BC747 /* mac */,
				49DE542B2BF58EC200191E37 /* Emu */,
				495775452BD5BBC900755E8A /* Products */,
				49EA27AC2BF2F00400620B26 /* Frameworks */,
			);
			sourceTree = "<group>";
		};
		495775452BD5BBC900755E8A /* Products */ = {
			isa = PBXGroup;
			children = (
				495775662BD5BEFF00755E8A /* as9 */,
				495775712BD5BF1600755E8A /* emulator */,
				49750B0C2BE30D0600B7C3CF /* lwasm */,
				49DE542A2BF58EC200191E37 /* Emu.app */,
			);
			name = Products;
			sourceTree = "<group>";
		};
		495775522BD5BE1A00755E8A /* as9 */ = {
			isa = PBXGroup;
			children = (
				4957755E2BD5BE4400755E8A /* table9.h */,
				4957755F2BD5BE4400755E8A /* as.h */,
				495775602BD5BE4400755E8A /* as.c */,
				495775592BD5BE4400755E8A /* as9.c */,
				495775542BD5BE4400755E8A /* as9n.c */,
				495775572BD5BE4400755E8A /* do9.c */,
				495775582BD5BE4400755E8A /* eval.c */,
				495775612BD5BE4400755E8A /* ffwd.c */,
				495775552BD5BE4400755E8A /* output.c */,
				495775562BD5BE4400755E8A /* pseudo.c */,
				4957755A2BD5BE4400755E8A /* symtab.c */,
				4957755C2BD5BE4400755E8A /* util.c */,
				4957755B2BD5BE4400755E8A /* Makefile */,
				4957755D2BD5BE4400755E8A /* as9_changes.txt */,
			);
			name = as9;
			sourceTree = "<group>";
		};
		495775532BD5BE2500755E8A /* emulator */ = {
			isa = PBXGroup;
			children = (
				49750B172BE6D40A00B7C3CF /* BOSS9 */,
				49EA279E2BE52FE400620B26 /* srec.cpp */,
				49EA279F2BE52FE400620B26 /* srec.h */,
				49750B142BE410C600B7C3CF /* MC6809.cpp */,
				49065D012BD6C70400E27819 /* MC6809.h */,
			);
			name = emulator;
			sourceTree = "<group>";
		};
		49750B172BE6D40A00B7C3CF /* BOSS9 */ = {
			isa = PBXGroup;
			children = (
				49750B202BE6E48000B7C3CF /* containers.h */,
				49750B1C2BE6E3FE00B7C3CF /* string.cpp */,
				49750B1D2BE6E3FE00B7C3CF /* string.h */,
				49750B182BE6D43900B7C3CF /* BOSS9.cpp */,
				49750B192BE6D43900B7C3CF /* BOSS9.h */,
				49750B1B2BE6DF7200B7C3CF /* BOSS9.inc */,
			);
			name = BOSS9;
			sourceTree = "<group>";
		};
		49DE542B2BF58EC200191E37 /* Emu */ = {
			isa = PBXGroup;
			children = (
				49DE543A2BF58FF400191E37 /* AppDelegate.h */,
				49DE542D2BF58EC200191E37 /* AppDelegate.m */,
				49DE542F2BF58EC400191E37 /* Assets.xcassets */,
				49DE54312BF58EC400191E37 /* MainMenu.xib */,
				49DE54342BF58EC400191E37 /* main.mm */,
				49DE54362BF58EC400191E37 /* Emu.entitlements */,
			);
			path = Emu;
			sourceTree = "<group>";
		};
		49E11A972BD84304004BC747 /* mac */ = {
			isa = PBXGroup;
			children = (
				49E11A982BD84324004BC747 /* main.cpp */,
			);
			name = mac;
			sourceTree = "<group>";
		};
		49EA27AC2BF2F00400620B26 /* Frameworks */ = {
			isa = PBXGroup;
			children = (
				49EA27AD2BF2F00400620B26 /* Cocoa.framework */,
			);
			name = Frameworks;
			sourceTree = "<group>";
		};
/* End PBXGroup section */

/* Begin PBXNativeTarget section */
		490F11112BF3D05500AC1440 /* demo */ = {
			isa = PBXNativeTarget;
			buildConfigurationList = 490F11162BF3D05500AC1440 /* Build configuration list for PBXNativeTarget "demo" */;
			buildPhases = (
				490F110E2BF3D05500AC1440 /* Sources */,
				490F110F2BF3D05500AC1440 /* Frameworks */,
			);
			buildRules = (
			);
			dependencies = (
			);
			name = demo;
			productName = demo;
			productType = "com.apple.product-type.tool";
		};
		495775652BD5BEFF00755E8A /* as9 */ = {
			isa = PBXNativeTarget;
			buildConfigurationList = 4957756A2BD5BEFF00755E8A /* Build configuration list for PBXNativeTarget "as9" */;
			buildPhases = (
				495775622BD5BEFF00755E8A /* Sources */,
				495775632BD5BEFF00755E8A /* Frameworks */,
				495775642BD5BEFF00755E8A /* CopyFiles */,
			);
			buildRules = (
			);
			dependencies = (
			);
			name = as9;
			productName = as9;
			productReference = 495775662BD5BEFF00755E8A /* as9 */;
			productType = "com.apple.product-type.tool";
		};
		495775702BD5BF1600755E8A /* emulator */ = {
			isa = PBXNativeTarget;
			buildConfigurationList = 495775752BD5BF1600755E8A /* Build configuration list for PBXNativeTarget "emulator" */;
			buildPhases = (
				4957756D2BD5BF1600755E8A /* Sources */,
				4957756E2BD5BF1600755E8A /* Frameworks */,
				4957756F2BD5BF1600755E8A /* CopyFiles */,
			);
			buildRules = (
			);
			dependencies = (
			);
			name = emulator;
			productName = sim;
			productReference = 495775712BD5BF1600755E8A /* emulator */;
			productType = "com.apple.product-type.tool";
		};
		49750B0B2BE30D0600B7C3CF /* lwasm */ = {
			isa = PBXNativeTarget;
			buildConfigurationList = 49750B102BE30D0600B7C3CF /* Build configuration list for PBXNativeTarget "lwasm" */;
			buildPhases = (
				49750B082BE30D0600B7C3CF /* Sources */,
				49750B092BE30D0600B7C3CF /* Frameworks */,
				49750B0A2BE30D0600B7C3CF /* CopyFiles */,
				49750B132BE30E3000B7C3CF /* ShellScript */,
			);
			buildRules = (
			);
			dependencies = (
			);
			name = lwasm;
			productName = lwasm;
			productReference = 49750B0C2BE30D0600B7C3CF /* lwasm */;
			productType = "com.apple.product-type.tool";
		};
		49DE54292BF58EC200191E37 /* Emu */ = {
			isa = PBXNativeTarget;
			buildConfigurationList = 49DE54372BF58EC400191E37 /* Build configuration list for PBXNativeTarget "Emu" */;
			buildPhases = (
				49DE54262BF58EC200191E37 /* Sources */,
				49DE54272BF58EC200191E37 /* Frameworks */,
				49DE54282BF58EC200191E37 /* Resources */,
				49DE544C2BF6B98E00191E37 /* CopyFiles */,
			);
			buildRules = (
			);
			dependencies = (
			);
			name = Emu;
			productName = Emu;
			productReference = 49DE542A2BF58EC200191E37 /* Emu.app */;
			productType = "com.apple.product-type.application";
		};
/* End PBXNativeTarget section */

/* Begin PBXProject section */
		4957753C2BD5BBC900755E8A /* Project object */ = {
			isa = PBXProject;
			attributes = {
				BuildIndependentTargetsInParallel = 1;
				LastSwiftUpdateCheck = 1340;
				LastUpgradeCheck = 1520;
				TargetAttributes = {
					490F11112BF3D05500AC1440 = {
						CreatedOnToolsVersion = 13.4;
					};
					495775652BD5BEFF00755E8A = {
						CreatedOnToolsVersion = 15.2;
					};
					495775702BD5BF1600755E8A = {
						CreatedOnToolsVersion = 15.2;
					};
					49750B0B2BE30D0600B7C3CF = {
						CreatedOnToolsVersion = 13.4;
					};
					49DE54292BF58EC200191E37 = {
						CreatedOnToolsVersion = 13.4;
					};
				};
			};
			buildConfigurationList = 4957753F2BD5BBC900755E8A /* Build configuration list for PBXProject "6809" */;
			compatibilityVersion = "Xcode 13.0";
			developmentRegion = en;
			hasScannedForEncodings = 0;
			knownRegions = (
				en,
				Base,
			);
			mainGroup = 4957753B2BD5BBC900755E8A;
			productRefGroup = 495775452BD5BBC900755E8A /* Products */;
			projectDirPath = "";
			projectRoot = "";
			targets = (
				495775652BD5BEFF00755E8A /* as9 */,
				495775702BD5BF1600755E8A /* emulator */,
				49750B0B2BE30D0600B7C3CF /* lwasm */,
				490F11112BF3D05500AC1440 /* demo */,
				49DE54292BF58EC200191E37 /* Emu */,
			);
		};
/* End PBXProject section */

/* Begin PBXResourcesBuildPhase section */
		49DE54282BF58EC200191E37 /* Resources */ = {
			isa = PBXResourcesBuildPhase;
			buildActionMask = 2147483647;
			files = (
				49DE54302BF58EC400191E37 /* Assets.xcassets in Resources */,
				49DE54472BF6B6B000191E37 /* HelloWorld.s19 in Resources */,
				49DE544A2BF6B6B000191E37 /* test09.s19 in Resources */,
				49DE54462BF6B6B000191E37 /* forth9.s19 in Resources */,
				49DE54492BF6B6B000191E37 /* asmtest.s19 in Resources */,
				49DE54482BF6B6B000191E37 /* simple.s19 in Resources */,
				49DE54332BF58EC400191E37 /* MainMenu.xib in Resources */,
				49DE544B2BF6B6B000191E37 /* assist09.s19 in Resources */,
			);
			runOnlyForDeploymentPostprocessing = 0;
		};
/* End PBXResourcesBuildPhase section */

/* Begin PBXShellScriptBuildPhase section */
		49750B132BE30E3000B7C3CF /* ShellScript */ = {
			isa = PBXShellScriptBuildPhase;
			buildActionMask = 2147483647;
			files = (
			);
			inputFileListPaths = (
			);
			inputPaths = (
			);
			outputFileListPaths = (
			);
			outputPaths = (
			);
			runOnlyForDeploymentPostprocessing = 0;
			shellPath = /bin/sh;
			shellScript = "# Type a script or drag a script file from your workspace to insert its path.\n";
		};
/* End PBXShellScriptBuildPhase section */

/* Begin PBXSourcesBuildPhase section */
		490F110E2BF3D05500AC1440 /* Sources */ = {
			isa = PBXSourcesBuildPhase;
			buildActionMask = 2147483647;
			files = (
			);
			runOnlyForDeploymentPostprocessing = 0;
		};
		495775622BD5BEFF00755E8A /* Sources */ = {
			isa = PBXSourcesBuildPhase;
			buildActionMask = 2147483647;
			files = (
				495775792BD5BF5E00755E8A /* as9.c in Sources */,
			);
			runOnlyForDeploymentPostprocessing = 0;
		};
		4957756D2BD5BF1600755E8A /* Sources */ = {
			isa = PBXSourcesBuildPhase;
			buildActionMask = 2147483647;
			files = (
				49750B1F2BE6E40600B7C3CF /* string.cpp in Sources */,
				49DE543F2BF6B52F00191E37 /* main.cpp in Sources */,
				49750B152BE412BA00B7C3CF /* MC6809.cpp in Sources */,
				49750B242BE6ECBE00B7C3CF /* BOSS9.cpp in Sources */,
				49EA27A02BE52FE400620B26 /* srec.cpp in Sources */,
			);
			runOnlyForDeploymentPostprocessing = 0;
		};
		49750B082BE30D0600B7C3CF /* Sources */ = {
			isa = PBXSourcesBuildPhase;
			buildActionMask = 2147483647;
			files = (
			);
			runOnlyForDeploymentPostprocessing = 0;
		};
		49DE54262BF58EC200191E37 /* Sources */ = {
			isa = PBXSourcesBuildPhase;
			buildActionMask = 2147483647;
			files = (
				49DE543E2BF68C1B00191E37 /* MC6809.cpp in Sources */,
				49DE543B2BF68C0100191E37 /* string.cpp in Sources */,
				49DE54352BF58EC400191E37 /* main.mm in Sources */,
				49DE543C2BF68C0500191E37 /* BOSS9.cpp in Sources */,
				49DE543D2BF68C0900191E37 /* srec.cpp in Sources */,
				49DE542E2BF58EC200191E37 /* AppDelegate.m in Sources */,
			);
			runOnlyForDeploymentPostprocessing = 0;
		};
/* End PBXSourcesBuildPhase section */

/* Begin PBXVariantGroup section */
		49DE54312BF58EC400191E37 /* MainMenu.xib */ = {
			isa = PBXVariantGroup;
			children = (
				49DE54322BF58EC400191E37 /* Base */,
			);
			name = MainMenu.xib;
			sourceTree = "<group>";
		};
/* End PBXVariantGroup section */

/* Begin XCBuildConfiguration section */
		490F11172BF3D05500AC1440 /* Debug */ = {
			isa = XCBuildConfiguration;
			buildSettings = {
				CLANG_CXX_LANGUAGE_STANDARD = "gnu++17";
				CODE_SIGN_STYLE = Automatic;
				GCC_C_LANGUAGE_STANDARD = gnu11;
				GCC_WARN_ABOUT_DEPRECATED_FUNCTIONS = NO;
				MACOSX_DEPLOYMENT_TARGET = 12.3;
				PRODUCT_NAME = "$(TARGET_NAME)";
			};
			name = Debug;
		};
		490F11182BF3D05500AC1440 /* Release */ = {
			isa = XCBuildConfiguration;
			buildSettings = {
				CLANG_CXX_LANGUAGE_STANDARD = "gnu++17";
				CODE_SIGN_STYLE = Automatic;
				GCC_C_LANGUAGE_STANDARD = gnu11;
				GCC_WARN_ABOUT_DEPRECATED_FUNCTIONS = NO;
				MACOSX_DEPLOYMENT_TARGET = 12.3;
				PRODUCT_NAME = "$(TARGET_NAME)";
			};
			name = Release;
		};
		495775492BD5BBC900755E8A /* Debug */ = {
			isa = XCBuildConfiguration;
			buildSettings = {
				ALWAYS_SEARCH_USER_PATHS = NO;
				ASSETCATALOG_COMPILER_GENERATE_SWIFT_ASSET_SYMBOL_EXTENSIONS = YES;
				CLANG_ANALYZER_NONNULL = YES;
				CLANG_ANALYZER_NUMBER_OBJECT_CONVERSION = YES_AGGRESSIVE;
				CLANG_CXX_LANGUAGE_STANDARD = "gnu++20";
				CLANG_ENABLE_MODULES = YES;
				CLANG_ENABLE_OBJC_ARC = YES;
				CLANG_ENABLE_OBJC_WEAK = YES;
				CLANG_WARN_BLOCK_CAPTURE_AUTORELEASING = YES;
				CLANG_WARN_BOOL_CONVERSION = YES;
				CLANG_WARN_COMMA = YES;
				CLANG_WARN_CONSTANT_CONVERSION = YES;
				CLANG_WARN_DEPRECATED_OBJC_IMPLEMENTATIONS = YES;
				CLANG_WARN_DIRECT_OBJC_ISA_USAGE = YES_ERROR;
				CLANG_WARN_DOCUMENTATION_COMMENTS = YES;
				CLANG_WARN_EMPTY_BODY = YES;
				CLANG_WARN_ENUM_CONVERSION = YES;
				CLANG_WARN_INFINITE_RECURSION = YES;
				CLANG_WARN_INT_CONVERSION = YES;
				CLANG_WARN_NON_LITERAL_NULL_CONVERSION = YES;
				CLANG_WARN_OBJC_IMPLICIT_RETAIN_SELF = YES;
				CLANG_WARN_OBJC_LITERAL_CONVERSION = YES;
				CLANG_WARN_OBJC_ROOT_CLASS = YES_ERROR;
				CLANG_WARN_QUOTED_INCLUDE_IN_FRAMEWORK_HEADER = YES;
				CLANG_WARN_RANGE_LOOP_ANALYSIS = YES;
				CLANG_WARN_STRICT_PROTOTYPES = YES;
				CLANG_WARN_SUSPICIOUS_MOVE = YES;
				CLANG_WARN_UNGUARDED_AVAILABILITY = YES_AGGRESSIVE;
				CLANG_WARN_UNREACHABLE_CODE = YES;
				CLANG_WARN__DUPLICATE_METHOD_MATCH = YES;
				COPY_PHASE_STRIP = NO;
				DEAD_CODE_STRIPPING = YES;
				DEBUG_INFORMATION_FORMAT = dwarf;
				ENABLE_STRICT_OBJC_MSGSEND = YES;
				ENABLE_TESTABILITY = YES;
				ENABLE_USER_SCRIPT_SANDBOXING = YES;
				GCC_C_LANGUAGE_STANDARD = c89;
				GCC_DYNAMIC_NO_PIC = NO;
				GCC_NO_COMMON_BLOCKS = YES;
				GCC_OPTIMIZATION_LEVEL = 0;
				GCC_PREPROCESSOR_DEFINITIONS = (
					"DEBUG=1",
					"$(inherited)",
				);
				GCC_WARN_64_TO_32_BIT_CONVERSION = YES;
				GCC_WARN_ABOUT_RETURN_TYPE = YES_ERROR;
				GCC_WARN_UNDECLARED_SELECTOR = YES;
				GCC_WARN_UNINITIALIZED_AUTOS = YES_AGGRESSIVE;
				GCC_WARN_UNUSED_FUNCTION = YES;
				GCC_WARN_UNUSED_VARIABLE = YES;
				LOCALIZATION_PREFERS_STRING_CATALOGS = YES;
				MACOSX_DEPLOYMENT_TARGET = 13.6;
				MTL_ENABLE_DEBUG_INFO = INCLUDE_SOURCE;
				MTL_FAST_MATH = YES;
				ONLY_ACTIVE_ARCH = YES;
				SDKROOT = macosx;
			};
			name = Debug;
		};
		4957754A2BD5BBC900755E8A /* Release */ = {
			isa = XCBuildConfiguration;
			buildSettings = {
				ALWAYS_SEARCH_USER_PATHS = NO;
				ASSETCATALOG_COMPILER_GENERATE_SWIFT_ASSET_SYMBOL_EXTENSIONS = YES;
				CLANG_ANALYZER_NONNULL = YES;
				CLANG_ANALYZER_NUMBER_OBJECT_CONVERSION = YES_AGGRESSIVE;
				CLANG_CXX_LANGUAGE_STANDARD = "gnu++20";
				CLANG_ENABLE_MODULES = YES;
				CLANG_ENABLE_OBJC_ARC = YES;
				CLANG_ENABLE_OBJC_WEAK = YES;
				CLANG_WARN_BLOCK_CAPTURE_AUTORELEASING = YES;
				CLANG_WARN_BOOL_CONVERSION = YES;
				CLANG_WARN_COMMA = YES;
				CLANG_WARN_CONSTANT_CONVERSION = YES;
				CLANG_WARN_DEPRECATED_OBJC_IMPLEMENTATIONS = YES;
				CLANG_WARN_DIRECT_OBJC_ISA_USAGE = YES_ERROR;
				CLANG_WARN_DOCUMENTATION_COMMENTS = YES;
				CLANG_WARN_EMPTY_BODY = YES;
				CLANG_WARN_ENUM_CONVERSION = YES;
				CLANG_WARN_INFINITE_RECURSION = YES;
				CLANG_WARN_INT_CONVERSION = YES;
				CLANG_WARN_NON_LITERAL_NULL_CONVERSION = YES;
				CLANG_WARN_OBJC_IMPLICIT_RETAIN_SELF = YES;
				CLANG_WARN_OBJC_LITERAL_CONVERSION = YES;
				CLANG_WARN_OBJC_ROOT_CLASS = YES_ERROR;
				CLANG_WARN_QUOTED_INCLUDE_IN_FRAMEWORK_HEADER = YES;
				CLANG_WARN_RANGE_LOOP_ANALYSIS = YES;
				CLANG_WARN_STRICT_PROTOTYPES = YES;
				CLANG_WARN_SUSPICIOUS_MOVE = YES;
				CLANG_WARN_UNGUARDED_AVAILABILITY = YES_AGGRESSIVE;
				CLANG_WARN_UNREACHABLE_CODE = YES;
				CLANG_WARN__DUPLICATE_METHOD_MATCH = YES;
				COPY_PHASE_STRIP = NO;
				DEAD_CODE_STRIPPING = YES;
				DEBUG_INFORMATION_FORMAT = "dwarf-with-dsym";
				ENABLE_NS_ASSERTIONS = NO;
				ENABLE_STRICT_OBJC_MSGSEND = YES;
				ENABLE_USER_SCRIPT_SANDBOXING = YES;
				GCC_C_LANGUAGE_STANDARD = c89;
				GCC_NO_COMMON_BLOCKS = YES;
				GCC_WARN_64_TO_32_BIT_CONVERSION = YES;
				GCC_WARN_ABOUT_RETURN_TYPE = YES_ERROR;
				GCC_WARN_UNDECLARED_SELECTOR = YES;
				GCC_WARN_UNINITIALIZED_AUTOS = YES_AGGRESSIVE;
				GCC_WARN_UNUSED_FUNCTION = YES;
				GCC_WARN_UNUSED_VARIABLE = YES;
				LOCALIZATION_PREFERS_STRING_CATALOGS = YES;
				MACOSX_DEPLOYMENT_TARGET = 13.6;
				MTL_ENABLE_DEBUG_INFO = NO;
				MTL_FAST_MATH = YES;
				SDKROOT = macosx;
			};
			name = Release;
		};
		4957756B2BD5BEFF00755E8A /* Debug */ = {
			isa = XCBuildConfiguration;
			buildSettings = {
				CLANG_WARN_STRICT_PROTOTYPES = NO;
				CODE_SIGN_STYLE = Automatic;
				DEAD_CODE_STRIPPING = YES;
				GCC_C_LANGUAGE_STANDARD = c89;
				MACOSX_DEPLOYMENT_TARGET = 12.3;
				PRODUCT_NAME = "$(TARGET_NAME)";
			};
			name = Debug;
		};
		4957756C2BD5BEFF00755E8A /* Release */ = {
			isa = XCBuildConfiguration;
			buildSettings = {
				CLANG_WARN_STRICT_PROTOTYPES = NO;
				CODE_SIGN_STYLE = Automatic;
				DEAD_CODE_STRIPPING = YES;
				GCC_C_LANGUAGE_STANDARD = c89;
				MACOSX_DEPLOYMENT_TARGET = 12.3;
				PRODUCT_NAME = "$(TARGET_NAME)";
			};
			name = Release;
		};
		495775762BD5BF1600755E8A /* Debug */ = {
			isa = XCBuildConfiguration;
			buildSettings = {
				CLANG_CXX_LANGUAGE_STANDARD = "gnu++17";
				CODE_SIGN_STYLE = Automatic;
				DEAD_CODE_STRIPPING = YES;
				ENABLE_STRICT_OBJC_MSGSEND = NO;
				GCC_C_LANGUAGE_STANDARD = gnu11;
				GCC_WARN_ABOUT_DEPRECATED_FUNCTIONS = NO;
				HEADER_SEARCH_PATHS = tigr;
				MACOSX_DEPLOYMENT_TARGET = 12.3;
				PRODUCT_NAME = "$(TARGET_NAME)";
			};
			name = Debug;
		};
		495775772BD5BF1600755E8A /* Release */ = {
			isa = XCBuildConfiguration;
			buildSettings = {
				CLANG_CXX_LANGUAGE_STANDARD = "gnu++17";
				CODE_SIGN_STYLE = Automatic;
				DEAD_CODE_STRIPPING = YES;
				ENABLE_STRICT_OBJC_MSGSEND = NO;
				GCC_C_LANGUAGE_STANDARD = gnu11;
				GCC_WARN_ABOUT_DEPRECATED_FUNCTIONS = NO;
				HEADER_SEARCH_PATHS = tigr;
				MACOSX_DEPLOYMENT_TARGET = 12.3;
				PRODUCT_NAME = "$(TARGET_NAME)";
			};
			name = Release;
		};
		49750B112BE30D0600B7C3CF /* Debug */ = {
			isa = XCBuildConfiguration;
			buildSettings = {
				CLANG_CXX_LANGUAGE_STANDARD = "gnu++17";
				CODE_SIGN_STYLE = Automatic;
				DEAD_CODE_STRIPPING = YES;
				GCC_C_LANGUAGE_STANDARD = gnu11;
				MACOSX_DEPLOYMENT_TARGET = 12.3;
				PRODUCT_NAME = "$(TARGET_NAME)";
			};
			name = Debug;
		};
		49750B122BE30D0600B7C3CF /* Release */ = {
			isa = XCBuildConfiguration;
			buildSettings = {
				CLANG_CXX_LANGUAGE_STANDARD = "gnu++17";
				CODE_SIGN_STYLE = Automatic;
				DEAD_CODE_STRIPPING = YES;
				GCC_C_LANGUAGE_STANDARD = gnu11;
				MACOSX_DEPLOYMENT_TARGET = 12.3;
				PRODUCT_NAME = "$(TARGET_NAME)";
			};
			name = Release;
		};
		49DE54382BF58EC400191E37 /* Debug */ = {
			isa = XCBuildConfiguration;
			buildSettings = {
				ASSETCATALOG_COMPILER_APPICON_NAME = AppIcon;
				ASSETCATALOG_COMPILER_GLOBAL_ACCENT_COLOR_NAME = AccentColor;
				CLANG_CXX_LANGUAGE_STANDARD = "gnu++17";
				CODE_SIGN_ENTITLEMENTS = Emu/Emu.entitlements;
				CODE_SIGN_STYLE = Automatic;
				COMBINE_HIDPI_IMAGES = YES;
				CURRENT_PROJECT_VERSION = 1;
				GCC_C_LANGUAGE_STANDARD = gnu11;
				GENERATE_INFOPLIST_FILE = YES;
				INFOPLIST_KEY_NSHumanReadableCopyright = "";
				INFOPLIST_KEY_NSMainNibFile = MainMenu;
				INFOPLIST_KEY_NSPrincipalClass = NSApplication;
				LD_RUNPATH_SEARCH_PATHS = (
					"$(inherited)",
					"@executable_path/../Frameworks",
				);
				MACOSX_DEPLOYMENT_TARGET = 12.3;
				MARKETING_VERSION = 1.0;
				PRODUCT_BUNDLE_IDENTIFIER = org.marrin.Emu;
				PRODUCT_NAME = "$(TARGET_NAME)";
				SWIFT_EMIT_LOC_STRINGS = YES;
			};
			name = Debug;
		};
		49DE54392BF58EC400191E37 /* Release */ = {
			isa = XCBuildConfiguration;
			buildSettings = {
				ASSETCATALOG_COMPILER_APPICON_NAME = AppIcon;
				ASSETCATALOG_COMPILER_GLOBAL_ACCENT_COLOR_NAME = AccentColor;
				CLANG_CXX_LANGUAGE_STANDARD = "gnu++17";
				CODE_SIGN_ENTITLEMENTS = Emu/Emu.entitlements;
				CODE_SIGN_STYLE = Automatic;
				COMBINE_HIDPI_IMAGES = YES;
				CURRENT_PROJECT_VERSION = 1;
				GCC_C_LANGUAGE_STANDARD = gnu11;
				GENERATE_INFOPLIST_FILE = YES;
				INFOPLIST_KEY_NSHumanReadableCopyright = "";
				INFOPLIST_KEY_NSMainNibFile = MainMenu;
				INFOPLIST_KEY_NSPrincipalClass = NSApplication;
				LD_RUNPATH_SEARCH_PATHS = (
					"$(inherited)",
					"@executable_path/../Frameworks",
				);
				MACOSX_DEPLOYMENT_TARGET = 12.3;
				MARKETING_VERSION = 1.0;
				PRODUCT_BUNDLE_IDENTIFIER = org.marrin.Emu;
				PRODUCT_NAME = "$(TARGET_NAME)";
				SWIFT_EMIT_LOC_STRINGS = YES;
			};
			name = Release;
		};
/* End XCBuildConfiguration section */

/* Begin XCConfigurationList section */
		490F11162BF3D05500AC1440 /* Build configuration list for PBXNativeTarget "demo" */ = {
			isa = XCConfigurationList;
			buildConfigurations = (
				490F11172BF3D05500AC1440 /* Debug */,
				490F11182BF3D05500AC1440 /* Release */,
			);
			defaultConfigurationIsVisible = 0;
			defaultConfigurationName = Release;
		};
		4957753F2BD5BBC900755E8A /* Build configuration list for PBXProject "6809" */ = {
			isa = XCConfigurationList;
			buildConfigurations = (
				495775492BD5BBC900755E8A /* Debug */,
				4957754A2BD5BBC900755E8A /* Release */,
			);
			defaultConfigurationIsVisible = 0;
			defaultConfigurationName = Release;
		};
		4957756A2BD5BEFF00755E8A /* Build configuration list for PBXNativeTarget "as9" */ = {
			isa = XCConfigurationList;
			buildConfigurations = (
				4957756B2BD5BEFF00755E8A /* Debug */,
				4957756C2BD5BEFF00755E8A /* Release */,
			);
			defaultConfigurationIsVisible = 0;
			defaultConfigurationName = Release;
		};
		495775752BD5BF1600755E8A /* Build configuration list for PBXNativeTarget "emulator" */ = {
			isa = XCConfigurationList;
			buildConfigurations = (
				495775762BD5BF1600755E8A /* Debug */,
				495775772BD5BF1600755E8A /* Release */,
			);
			defaultConfigurationIsVisible = 0;
			defaultConfigurationName = Release;
		};
		49750B102BE30D0600B7C3CF /* Build configuration list for PBXNativeTarget "lwasm" */ = {
			isa = XCConfigurationList;
			buildConfigurations = (
				49750B112BE30D0600B7C3CF /* Debug */,
				49750B122BE30D0600B7C3CF /* Release */,
			);
			defaultConfigurationIsVisible = 0;
			defaultConfigurationName = Release;
		};
		49DE54372BF58EC400191E37 /* Build configuration list for PBXNativeTarget "Emu" */ = {
			isa = XCConfigurationList;
			buildConfigurations = (
				49DE54382BF58EC400191E37 /* Debug */,
				49DE54392BF58EC400191E37 /* Release */,
			);
			defaultConfigurationIsVisible = 0;
			defaultConfigurationName = Release;
		};
/* End XCConfigurationList section */
	};
	rootObject = 4957753C2BD5BBC900755E8A /* Project object */;
}
